
Microsoft Visual Studio Solution File, Format Version 12.00
# Visual Studio 15
VisualStudioVersion = 15.0.26430.14
MinimumVisualStudioVersion = 10.0.40219.1
Project("{2150E333-8FDC-42A3-9474-1A3956D46DE8}") = ".paket", ".paket", "{CB4FC643-02A4-498D-AB40-E6D088EAE245}"
	ProjectSection(SolutionItems) = preProject
		paket.dependencies = paket.dependencies
	EndProjectSection
EndProject
Project("{9A19103F-16F7-4668-BE54-9A1E7A4F7556}") = "hangfire_example", "hangfire_example.csproj", "{590B132E-FEDF-444A-83B5-5D1A34FCF230}"
EndProject
Project("{9A19103F-16F7-4668-BE54-9A1E7A4F7556}") = "ConsoleApp1", "ConsoleApp1\ConsoleApp1.csproj", "{75B0CDDD-90EB-4222-B34F-EAA825BD78B3}"
EndProject
Project("{FAE04EC0-301F-11D3-BF4B-00C04F79EFBC}") = "ClassLibrary1", "ClassLibrary1\ClassLibrary1.csproj", "{11B3F137-9F1B-4DFE-B010-CC0B58FA5CE0}"
EndProject
Global
	GlobalSection(SolutionConfigurationPlatforms) = preSolution
		Debug|Any CPU = Debug|Any CPU
		Release|Any CPU = Release|Any CPU
	EndGlobalSection
	GlobalSection(ProjectConfigurationPlatforms) = postSolution
		{590B132E-FEDF-444A-83B5-5D1A34FCF230}.Debug|Any CPU.ActiveCfg = Debug|Any CPU
		{590B132E-FEDF-444A-83B5-5D1A34FCF230}.Debug|Any CPU.Build.0 = Debug|Any CPU
		{590B132E-FEDF-444A-83B5-5D1A34FCF230}.Release|Any CPU.ActiveCfg = Release|Any CPU
		{590B132E-FEDF-444A-83B5-5D1A34FCF230}.Release|Any CPU.Build.0 = Release|Any CPU
		{75B0CDDD-90EB-4222-B34F-EAA825BD78B3}.Debug|Any CPU.ActiveCfg = Debug|Any CPU
		{75B0CDDD-90EB-4222-B34F-EAA825BD78B3}.Debug|Any CPU.Build.0 = Debug|Any CPU
		{75B0CDDD-90EB-4222-B34F-EAA825BD78B3}.Release|Any CPU.ActiveCfg = Release|Any CPU
		{75B0CDDD-90EB-4222-B34F-EAA825BD78B3}.Release|Any CPU.Build.0 = Release|Any CPU
		{11B3F137-9F1B-4DFE-B010-CC0B58FA5CE0}.Debug|Any CPU.ActiveCfg = Debug|Any CPU
		{11B3F137-9F1B-4DFE-B010-CC0B58FA5CE0}.Debug|Any CPU.Build.0 = Debug|Any CPU
		{11B3F137-9F1B-4DFE-B010-CC0B58FA5CE0}.Release|Any CPU.ActiveCfg = Release|Any CPU
		{11B3F137-9F1B-4DFE-B010-CC0B58FA5CE0}.Release|Any CPU.Build.0 = Release|Any CPU
	EndGlobalSection
	GlobalSection(SolutionProperties) = preSolution
		HideSolutionNode = FALSE
	EndGlobalSection
	GlobalSection(ExtensibilityGlobals) = postSolution
		SolutionGuid = {EFE6C178-876D-48CB-8617-7CCB57AD029D}
	EndGlobalSection
EndGlobal
